
Microsoft Visual Studio Solution File, Format Version 12.00
# Visual Studio Version 17
VisualStudioVersion = 17.0.31903.59
MinimumVisualStudioVersion = 10.0.40219.1
Project("{2150E333-8FDC-42A3-9474-1A3956D46DE8}") = "function", "function", "{A78500D2-D429-4F8B-B39E-A39D5A2FE2CB}"
EndProject
Project("{9A19103F-16F7-4668-BE54-9A1E7A4F7556}") = "ProcessHL7Msg", "function\ProcessHL7Msg\ProcessHL7Msg.csproj", "{DF121DB7-5328-475B-B4AD-A7ED0965A3C3}"
EndProject
Project("{FAE04EC0-301F-11D3-BF4B-00C04F79EFBC}") = "SubscriptionAdmin", "function\SubscriptionAdmin\SubscriptionAdmin.csproj", "{7A49B326-631A-45DB-BE8C-D14B148EB566}"
EndProject
Global
	GlobalSection(SolutionConfigurationPlatforms) = preSolution
		Debug|Any CPU = Debug|Any CPU
		Release|Any CPU = Release|Any CPU
	EndGlobalSection
	GlobalSection(ProjectConfigurationPlatforms) = postSolution
		{DF121DB7-5328-475B-B4AD-A7ED0965A3C3}.Debug|Any CPU.ActiveCfg = Debug|Any CPU
		{DF121DB7-5328-475B-B4AD-A7ED0965A3C3}.Debug|Any CPU.Build.0 = Debug|Any CPU
		{DF121DB7-5328-475B-B4AD-A7ED0965A3C3}.Release|Any CPU.ActiveCfg = Release|Any CPU
		{DF121DB7-5328-475B-B4AD-A7ED0965A3C3}.Release|Any CPU.Build.0 = Release|Any CPU
		{7A49B326-631A-45DB-BE8C-D14B148EB566}.Debug|Any CPU.ActiveCfg = Debug|Any CPU
		{7A49B326-631A-45DB-BE8C-D14B148EB566}.Debug|Any CPU.Build.0 = Debug|Any CPU
		{7A49B326-631A-45DB-BE8C-D14B148EB566}.Release|Any CPU.ActiveCfg = Release|Any CPU
		{7A49B326-631A-45DB-BE8C-D14B148EB566}.Release|Any CPU.Build.0 = Release|Any CPU
	EndGlobalSection
	GlobalSection(SolutionProperties) = preSolution
		HideSolutionNode = FALSE
	EndGlobalSection
	GlobalSection(NestedProjects) = preSolution
		{DF121DB7-5328-475B-B4AD-A7ED0965A3C3} = {A78500D2-D429-4F8B-B39E-A39D5A2FE2CB}
		{7A49B326-631A-45DB-BE8C-D14B148EB566} = {A78500D2-D429-4F8B-B39E-A39D5A2FE2CB}
	EndGlobalSection
	GlobalSection(ExtensibilityGlobals) = postSolution
		SolutionGuid = {3E421727-B11F-4BB9-A3AB-058D0FC3E08E}
	EndGlobalSection
EndGlobal
